
Microsoft Visual Studio Solution File, Format Version 12.00
# Visual Studio 15
Project("{FAE04EC0-301F-11D3-BF4B-00C04F79EFBC}") = "Assembly-CSharp", "Assembly-CSharp.csproj", "{8BE976A5-05A8-A20C-4F92-CEB90A10D744}"
EndProject
Project("{FAE04EC0-301F-11D3-BF4B-00C04F79EFBC}") = "Assembly-CSharp-Editor", "Assembly-CSharp-Editor.csproj", "{FA14FE8B-2517-932C-20A6-F2392C23FF70}"
EndProject
Global
	GlobalSection(SolutionConfigurationPlatforms) = preSolution
		Debug|Any CPU = Debug|Any CPU
		Release|Any CPU = Release|Any CPU
	EndGlobalSection
	GlobalSection(ProjectConfigurationPlatforms) = postSolution
		{8BE976A5-05A8-A20C-4F92-CEB90A10D744}.Debug|Any CPU.ActiveCfg = Debug|Any CPU
		{8BE976A5-05A8-A20C-4F92-CEB90A10D744}.Debug|Any CPU.Build.0 = Debug|Any CPU
		{8BE976A5-05A8-A20C-4F92-CEB90A10D744}.Release|Any CPU.ActiveCfg = Release|Any CPU
		{8BE976A5-05A8-A20C-4F92-CEB90A10D744}.Release|Any CPU.Build.0 = Release|Any CPU
		{FA14FE8B-2517-932C-20A6-F2392C23FF70}.Debug|Any CPU.ActiveCfg = Debug|Any CPU
		{FA14FE8B-2517-932C-20A6-F2392C23FF70}.Debug|Any CPU.Build.0 = Debug|Any CPU
		{FA14FE8B-2517-932C-20A6-F2392C23FF70}.Release|Any CPU.ActiveCfg = Release|Any CPU
		{FA14FE8B-2517-932C-20A6-F2392C23FF70}.Release|Any CPU.Build.0 = Release|Any CPU
	EndGlobalSection
	GlobalSection(SolutionProperties) = preSolution
		HideSolutionNode = FALSE
	EndGlobalSection
EndGlobal
